# This file is automatically @generated by Poetry 1.4.2 and should not be changed by hand.

[[package]]
name = "multicloud-diagrams"
version = "0.2.0"
description = "Library to generate DRAW.IO compatible diagrams to represent Cloud infrastructure. AWS Cloud supported."
category = "main"
optional = false
python-versions = ">=3.10,<4.0"
files = [
    {file = "multicloud_diagrams-0.2.0-py3-none-any.whl", hash = "sha256:81f55182fca66a4f389bc5d1a8b41e43a0c5db830bc867c9d4250e9a6c3b0080"},
    {file = "multicloud_diagrams-0.2.0.tar.gz", hash = "sha256:bb8d97e94302cf93fcb7eed6e835f9f678f1357263166ff191cbd84a52a662b2"},
]

[metadata]
lock-version = "2.0"
python-versions = "^3.11"
content-hash = "91a919984656aa8a9aed4853705285f6fe084fe36e1bda561fae78f05ffadd3e"
